// !$*UTF8*$!
{
	archiveVersion = 1;
	classes = {
	};
	objectVersion = 46;
	objects = {

/* Begin PBXBuildFile section */
		ED09606B1AE1B4C9008080EA /* AppDelegate.swift in Sources */ = {isa = PBXBuildFile; fileRef = ED09606A1AE1B4C9008080EA /* AppDelegate.swift */; };
		ED09606D1AE1B4C9008080EA /* ViewController.swift in Sources */ = {isa = PBXBuildFile; fileRef = ED09606C1AE1B4C9008080EA /* ViewController.swift */; };
		ED0960701AE1B4C9008080EA /* Main.storyboard in Resources */ = {isa = PBXBuildFile; fileRef = ED09606E1AE1B4C9008080EA /* Main.storyboard */; };
		ED0960721AE1B4C9008080EA /* Images.xcassets in Resources */ = {isa = PBXBuildFile; fileRef = ED0960711AE1B4C9008080EA /* Images.xcassets */; };
		ED0960751AE1B4C9008080EA /* LaunchScreen.xib in Resources */ = {isa = PBXBuildFile; fileRef = ED0960731AE1B4C9008080EA /* LaunchScreen.xib */; };
		ED0960811AE1B4C9008080EA /* CSCI_571_iOSTests.swift in Sources */ = {isa = PBXBuildFile; fileRef = ED0960801AE1B4C9008080EA /* CSCI_571_iOSTests.swift */; };
		ED4E5E8E1AE5AC2600499108 /* ResultList.swift in Sources */ = {isa = PBXBuildFile; fileRef = ED4E5E8D1AE5AC2600499108 /* ResultList.swift */; };
		EDCC307E1AE713FC006A9EBD /* FBSDKLoginKit.framework in Frameworks */ = {isa = PBXBuildFile; fileRef = EDCC307B1AE713FC006A9EBD /* FBSDKLoginKit.framework */; };
		EDCC307F1AE713FC006A9EBD /* FBSDKShareKit.framework in Frameworks */ = {isa = PBXBuildFile; fileRef = EDCC307C1AE713FC006A9EBD /* FBSDKShareKit.framework */; };
		EDCC30821AE71B81006A9EBD /* FBSDKCoreKit.framework in Frameworks */ = {isa = PBXBuildFile; fileRef = EDCC30811AE71B81006A9EBD /* FBSDKCoreKit.framework */; };
		EDCC30861AE71DB2006A9EBD /* Bolts.framework in Frameworks */ = {isa = PBXBuildFile; fileRef = EDCC30851AE71DB2006A9EBD /* Bolts.framework */; };
		EDCC30881AE759C6006A9EBD /* DetailList.swift in Sources */ = {isa = PBXBuildFile; fileRef = EDCC30871AE759C6006A9EBD /* DetailList.swift */; };
		EDCC308A1AE82FDC006A9EBD /* Pic in Resources */ = {isa = PBXBuildFile; fileRef = EDCC30891AE82FDC006A9EBD /* Pic */; };
/* End PBXBuildFile section */

/* Begin PBXContainerItemProxy section */
		ED09607B1AE1B4C9008080EA /* PBXContainerItemProxy */ = {
			isa = PBXContainerItemProxy;
			containerPortal = ED09605D1AE1B4C8008080EA /* Project object */;
			proxyType = 1;
			remoteGlobalIDString = ED0960641AE1B4C8008080EA;
			remoteInfo = CSCI_571_iOS;
		};
/* End PBXContainerItemProxy section */

/* Begin PBXFileReference section */
		ED0960651AE1B4C8008080EA /* CSCI_571_iOS.app */ = {isa = PBXFileReference; explicitFileType = wrapper.application; includeInIndex = 0; path = CSCI_571_iOS.app; sourceTree = BUILT_PRODUCTS_DIR; };
		ED0960691AE1B4C8008080EA /* Info.plist */ = {isa = PBXFileReference; lastKnownFileType = text.plist.xml; path = Info.plist; sourceTree = "<group>"; };
		ED09606A1AE1B4C9008080EA /* AppDelegate.swift */ = {isa = PBXFileReference; lastKnownFileType = sourcecode.swift; path = AppDelegate.swift; sourceTree = "<group>"; };
		ED09606C1AE1B4C9008080EA /* ViewController.swift */ = {isa = PBXFileReference; lastKnownFileType = sourcecode.swift; path = ViewController.swift; sourceTree = "<group>"; };
		ED09606F1AE1B4C9008080EA /* Base */ = {isa = PBXFileReference; lastKnownFileType = file.storyboard; name = Base; path = Base.lproj/Main.storyboard; sourceTree = "<group>"; };
		ED0960711AE1B4C9008080EA /* Images.xcassets */ = {isa = PBXFileReference; lastKnownFileType = folder.assetcatalog; path = Images.xcassets; sourceTree = "<group>"; };
		ED0960741AE1B4C9008080EA /* Base */ = {isa = PBXFileReference; lastKnownFileType = file.xib; name = Base; path = Base.lproj/LaunchScreen.xib; sourceTree = "<group>"; };
		ED09607A1AE1B4C9008080EA /* CSCI_571_iOSTests.xctest */ = {isa = PBXFileReference; explicitFileType = wrapper.cfbundle; includeInIndex = 0; path = CSCI_571_iOSTests.xctest; sourceTree = BUILT_PRODUCTS_DIR; };
		ED09607F1AE1B4C9008080EA /* Info.plist */ = {isa = PBXFileReference; lastKnownFileType = text.plist.xml; path = Info.plist; sourceTree = "<group>"; };
		ED0960801AE1B4C9008080EA /* CSCI_571_iOSTests.swift */ = {isa = PBXFileReference; lastKnownFileType = sourcecode.swift; path = CSCI_571_iOSTests.swift; sourceTree = "<group>"; };
		ED4E5E8D1AE5AC2600499108 /* ResultList.swift */ = {isa = PBXFileReference; fileEncoding = 4; lastKnownFileType = sourcecode.swift; path = ResultList.swift; sourceTree = "<group>"; };
		EDCC307B1AE713FC006A9EBD /* FBSDKLoginKit.framework */ = {isa = PBXFileReference; lastKnownFileType = wrapper.framework; name = FBSDKLoginKit.framework; path = ../../../Documents/FacebookSDK/FBSDKLoginKit.framework; sourceTree = "<group>"; };
		EDCC307C1AE713FC006A9EBD /* FBSDKShareKit.framework */ = {isa = PBXFileReference; lastKnownFileType = wrapper.framework; name = FBSDKShareKit.framework; path = ../../../Documents/FacebookSDK/FBSDKShareKit.framework; sourceTree = "<group>"; };
		EDCC30801AE7158B006A9EBD /* Bridging-Header.h */ = {isa = PBXFileReference; lastKnownFileType = sourcecode.c.h; path = "Bridging-Header.h"; sourceTree = "<group>"; };
		EDCC30811AE71B81006A9EBD /* FBSDKCoreKit.framework */ = {isa = PBXFileReference; lastKnownFileType = wrapper.framework; name = FBSDKCoreKit.framework; path = ../../../Documents/FacebookSDK/FBSDKCoreKit.framework; sourceTree = "<group>"; };
		EDCC30851AE71DB2006A9EBD /* Bolts.framework */ = {isa = PBXFileReference; lastKnownFileType = wrapper.framework; name = Bolts.framework; path = ../../../Documents/FacebookSDK/Bolts.framework; sourceTree = "<group>"; };
		EDCC30871AE759C6006A9EBD /* DetailList.swift */ = {isa = PBXFileReference; fileEncoding = 4; lastKnownFileType = sourcecode.swift; path = DetailList.swift; sourceTree = "<group>"; };
		EDCC30891AE82FDC006A9EBD /* Pic */ = {isa = PBXFileReference; lastKnownFileType = folder; path = Pic; sourceTree = "<group>"; };
/* End PBXFileReference section */

/* Begin PBXFrameworksBuildPhase section */
		ED0960621AE1B4C8008080EA /* Frameworks */ = {
			isa = PBXFrameworksBuildPhase;
			buildActionMask = 2147483647;
			files = (
				EDCC30861AE71DB2006A9EBD /* Bolts.framework in Frameworks */,
				EDCC30821AE71B81006A9EBD /* FBSDKCoreKit.framework in Frameworks */,
				EDCC307E1AE713FC006A9EBD /* FBSDKLoginKit.framework in Frameworks */,
				EDCC307F1AE713FC006A9EBD /* FBSDKShareKit.framework in Frameworks */,
			);
			runOnlyForDeploymentPostprocessing = 0;
		};
		ED0960771AE1B4C9008080EA /* Frameworks */ = {
			isa = PBXFrameworksBuildPhase;
			buildActionMask = 2147483647;
			files = (
			);
			runOnlyForDeploymentPostprocessing = 0;
		};
/* End PBXFrameworksBuildPhase section */

/* Begin PBXGroup section */
		ED09605C1AE1B4C8008080EA = {
			isa = PBXGroup;
			children = (
				EDCC30851AE71DB2006A9EBD /* Bolts.framework */,
				EDCC30811AE71B81006A9EBD /* FBSDKCoreKit.framework */,
				EDCC307B1AE713FC006A9EBD /* FBSDKLoginKit.framework */,
				EDCC307C1AE713FC006A9EBD /* FBSDKShareKit.framework */,
				ED0960671AE1B4C8008080EA /* CSCI_571_iOS */,
				ED09607D1AE1B4C9008080EA /* CSCI_571_iOSTests */,
				ED0960661AE1B4C8008080EA /* Products */,
			);
			sourceTree = "<group>";
		};
		ED0960661AE1B4C8008080EA /* Products */ = {
			isa = PBXGroup;
			children = (
				ED0960651AE1B4C8008080EA /* CSCI_571_iOS.app */,
				ED09607A1AE1B4C9008080EA /* CSCI_571_iOSTests.xctest */,
			);
			name = Products;
			sourceTree = "<group>";
		};
		ED0960671AE1B4C8008080EA /* CSCI_571_iOS */ = {
			isa = PBXGroup;
			children = (
				EDCC30891AE82FDC006A9EBD /* Pic */,
				EDCC30801AE7158B006A9EBD /* Bridging-Header.h */,
				ED09606A1AE1B4C9008080EA /* AppDelegate.swift */,
				ED09606C1AE1B4C9008080EA /* ViewController.swift */,
				ED4E5E8D1AE5AC2600499108 /* ResultList.swift */,
				EDCC30871AE759C6006A9EBD /* DetailList.swift */,
				ED09606E1AE1B4C9008080EA /* Main.storyboard */,
				ED0960711AE1B4C9008080EA /* Images.xcassets */,
				ED0960731AE1B4C9008080EA /* LaunchScreen.xib */,
				ED0960681AE1B4C8008080EA /* Supporting Files */,
			);
			path = CSCI_571_iOS;
			sourceTree = "<group>";
		};
		ED0960681AE1B4C8008080EA /* Supporting Files */ = {
			isa = PBXGroup;
			children = (
				ED0960691AE1B4C8008080EA /* Info.plist */,
			);
			name = "Supporting Files";
			sourceTree = "<group>";
		};
		ED09607D1AE1B4C9008080EA /* CSCI_571_iOSTests */ = {
			isa = PBXGroup;
			children = (
				ED0960801AE1B4C9008080EA /* CSCI_571_iOSTests.swift */,
				ED09607E1AE1B4C9008080EA /* Supporting Files */,
			);
			path = CSCI_571_iOSTests;
			sourceTree = "<group>";
		};
		ED09607E1AE1B4C9008080EA /* Supporting Files */ = {
			isa = PBXGroup;
			children = (
				ED09607F1AE1B4C9008080EA /* Info.plist */,
			);
			name = "Supporting Files";
			sourceTree = "<group>";
		};
/* End PBXGroup section */

/* Begin PBXNativeTarget section */
		ED0960641AE1B4C8008080EA /* CSCI_571_iOS */ = {
			isa = PBXNativeTarget;
			buildConfigurationList = ED0960841AE1B4C9008080EA /* Build configuration list for PBXNativeTarget "CSCI_571_iOS" */;
			buildPhases = (
				ED0960611AE1B4C8008080EA /* Sources */,
				ED0960621AE1B4C8008080EA /* Frameworks */,
				ED0960631AE1B4C8008080EA /* Resources */,
			);
			buildRules = (
			);
			dependencies = (
			);
			name = CSCI_571_iOS;
			productName = CSCI_571_iOS;
			productReference = ED0960651AE1B4C8008080EA /* CSCI_571_iOS.app */;
			productType = "com.apple.product-type.application";
		};
		ED0960791AE1B4C9008080EA /* CSCI_571_iOSTests */ = {
			isa = PBXNativeTarget;
			buildConfigurationList = ED0960871AE1B4C9008080EA /* Build configuration list for PBXNativeTarget "CSCI_571_iOSTests" */;
			buildPhases = (
				ED0960761AE1B4C9008080EA /* Sources */,
				ED0960771AE1B4C9008080EA /* Frameworks */,
				ED0960781AE1B4C9008080EA /* Resources */,
			);
			buildRules = (
			);
			dependencies = (
				ED09607C1AE1B4C9008080EA /* PBXTargetDependency */,
			);
			name = CSCI_571_iOSTests;
			productName = CSCI_571_iOSTests;
			productReference = ED09607A1AE1B4C9008080EA /* CSCI_571_iOSTests.xctest */;
			productType = "com.apple.product-type.bundle.unit-test";
		};
/* End PBXNativeTarget section */

/* Begin PBXProject section */
		ED09605D1AE1B4C8008080EA /* Project object */ = {
			isa = PBXProject;
			attributes = {
				LastUpgradeCheck = 0630;
				ORGANIZATIONNAME = Weiwei;
				TargetAttributes = {
					ED0960641AE1B4C8008080EA = {
						CreatedOnToolsVersion = 6.3;
					};
					ED0960791AE1B4C9008080EA = {
						CreatedOnToolsVersion = 6.3;
						TestTargetID = ED0960641AE1B4C8008080EA;
					};
				};
			};
			buildConfigurationList = ED0960601AE1B4C8008080EA /* Build configuration list for PBXProject "CSCI_571_iOS" */;
			compatibilityVersion = "Xcode 3.2";
			developmentRegion = English;
			hasScannedForEncodings = 0;
			knownRegions = (
				en,
				Base,
			);
			mainGroup = ED09605C1AE1B4C8008080EA;
			productRefGroup = ED0960661AE1B4C8008080EA /* Products */;
			projectDirPath = "";
			projectRoot = "";
			targets = (
				ED0960641AE1B4C8008080EA /* CSCI_571_iOS */,
				ED0960791AE1B4C9008080EA /* CSCI_571_iOSTests */,
			);
		};
/* End PBXProject section */

/* Begin PBXResourcesBuildPhase section */
		ED0960631AE1B4C8008080EA /* Resources */ = {
			isa = PBXResourcesBuildPhase;
			buildActionMask = 2147483647;
			files = (
				ED0960701AE1B4C9008080EA /* Main.storyboard in Resources */,
				ED0960751AE1B4C9008080EA /* LaunchScreen.xib in Resources */,
				ED0960721AE1B4C9008080EA /* Images.xcassets in Resources */,
				EDCC308A1AE82FDC006A9EBD /* Pic in Resources */,
			);
			runOnlyForDeploymentPostprocessing = 0;
		};
		ED0960781AE1B4C9008080EA /* Resources */ = {
			isa = PBXResourcesBuildPhase;
			buildActionMask = 2147483647;
			files = (
			);
			runOnlyForDeploymentPostprocessing = 0;
		};
/* End PBXResourcesBuildPhase section */

/* Begin PBXSourcesBuildPhase section */
		ED0960611AE1B4C8008080EA /* Sources */ = {
			isa = PBXSourcesBuildPhase;
			buildActionMask = 2147483647;
			files = (
				ED4E5E8E1AE5AC2600499108 /* ResultList.swift in Sources */,
				ED09606D1AE1B4C9008080EA /* ViewController.swift in Sources */,
				EDCC30881AE759C6006A9EBD /* DetailList.swift in Sources */,
				ED09606B1AE1B4C9008080EA /* AppDelegate.swift in Sources */,
			);
			runOnlyForDeploymentPostprocessing = 0;
		};
		ED0960761AE1B4C9008080EA /* Sources */ = {
			isa = PBXSourcesBuildPhase;
			buildActionMask = 2147483647;
			files = (
				ED0960811AE1B4C9008080EA /* CSCI_571_iOSTests.swift in Sources */,
			);
			runOnlyForDeploymentPostprocessing = 0;
		};
/* End PBXSourcesBuildPhase section */

/* Begin PBXTargetDependency section */
		ED09607C1AE1B4C9008080EA /* PBXTargetDependency */ = {
			isa = PBXTargetDependency;
			target = ED0960641AE1B4C8008080EA /* CSCI_571_iOS */;
			targetProxy = ED09607B1AE1B4C9008080EA /* PBXContainerItemProxy */;
		};
/* End PBXTargetDependency section */

/* Begin PBXVariantGroup section */
		ED09606E1AE1B4C9008080EA /* Main.storyboard */ = {
			isa = PBXVariantGroup;
			children = (
				ED09606F1AE1B4C9008080EA /* Base */,
			);
			name = Main.storyboard;
			sourceTree = "<group>";
		};
		ED0960731AE1B4C9008080EA /* LaunchScreen.xib */ = {
			isa = PBXVariantGroup;
			children = (
				ED0960741AE1B4C9008080EA /* Base */,
			);
			name = LaunchScreen.xib;
			sourceTree = "<group>";
		};
/* End PBXVariantGroup section */

/* Begin XCBuildConfiguration section */
		ED0960821AE1B4C9008080EA /* Debug */ = {
			isa = XCBuildConfiguration;
			buildSettings = {
				ALWAYS_SEARCH_USER_PATHS = NO;
				CLANG_CXX_LANGUAGE_STANDARD = "gnu++0x";
				CLANG_CXX_LIBRARY = "libc++";
				CLANG_ENABLE_MODULES = YES;
				CLANG_ENABLE_OBJC_ARC = YES;
				CLANG_WARN_BOOL_CONVERSION = YES;
				CLANG_WARN_CONSTANT_CONVERSION = YES;
				CLANG_WARN_DIRECT_OBJC_ISA_USAGE = YES_ERROR;
				CLANG_WARN_EMPTY_BODY = YES;
				CLANG_WARN_ENUM_CONVERSION = YES;
				CLANG_WARN_INT_CONVERSION = YES;
				CLANG_WARN_OBJC_ROOT_CLASS = YES_ERROR;
				CLANG_WARN_UNREACHABLE_CODE = YES;
				CLANG_WARN__DUPLICATE_METHOD_MATCH = YES;
				"CODE_SIGN_IDENTITY[sdk=iphoneos*]" = "iPhone Developer";
				COPY_PHASE_STRIP = NO;
				DEBUG_INFORMATION_FORMAT = "dwarf-with-dsym";
				ENABLE_STRICT_OBJC_MSGSEND = YES;
				GCC_C_LANGUAGE_STANDARD = gnu99;
				GCC_DYNAMIC_NO_PIC = NO;
				GCC_NO_COMMON_BLOCKS = YES;
				GCC_OPTIMIZATION_LEVEL = 0;
				GCC_PREPROCESSOR_DEFINITIONS = (
					"DEBUG=1",
					"$(inherited)",
				);
				GCC_SYMBOLS_PRIVATE_EXTERN = NO;
				GCC_WARN_64_TO_32_BIT_CONVERSION = YES;
				GCC_WARN_ABOUT_RETURN_TYPE = YES_ERROR;
				GCC_WARN_UNDECLARED_SELECTOR = YES;
				GCC_WARN_UNINITIALIZED_AUTOS = YES_AGGRESSIVE;
				GCC_WARN_UNUSED_FUNCTION = YES;
				GCC_WARN_UNUSED_VARIABLE = YES;
				IPHONEOS_DEPLOYMENT_TARGET = 8.3;
				MTL_ENABLE_DEBUG_INFO = YES;
				ONLY_ACTIVE_ARCH = YES;
				SDKROOT = iphoneos;
				SWIFT_OPTIMIZATION_LEVEL = "-Onone";
			};
			name = Debug;
		};
		ED0960831AE1B4C9008080EA /* Release */ = {
			isa = XCBuildConfiguration;
			buildSettings = {
				ALWAYS_SEARCH_USER_PATHS = NO;
				CLANG_CXX_LANGUAGE_STANDARD = "gnu++0x";
				CLANG_CXX_LIBRARY = "libc++";
				CLANG_ENABLE_MODULES = YES;
				CLANG_ENABLE_OBJC_ARC = YES;
				CLANG_WARN_BOOL_CONVERSION = YES;
				CLANG_WARN_CONSTANT_CONVERSION = YES;
				CLANG_WARN_DIRECT_OBJC_ISA_USAGE = YES_ERROR;
				CLANG_WARN_EMPTY_BODY = YES;
				CLANG_WARN_ENUM_CONVERSION = YES;
				CLANG_WARN_INT_CONVERSION = YES;
				CLANG_WARN_OBJC_ROOT_CLASS = YES_ERROR;
				CLANG_WARN_UNREACHABLE_CODE = YES;
				CLANG_WARN__DUPLICATE_METHOD_MATCH = YES;
				"CODE_SIGN_IDENTITY[sdk=iphoneos*]" = "iPhone Developer";
				COPY_PHASE_STRIP = NO;
				DEBUG_INFORMATION_FORMAT = "dwarf-with-dsym";
				ENABLE_NS_ASSERTIONS = NO;
				ENABLE_STRICT_OBJC_MSGSEND = YES;
				GCC_C_LANGUAGE_STANDARD = gnu99;
				GCC_NO_COMMON_BLOCKS = YES;
				GCC_WARN_64_TO_32_BIT_CONVERSION = YES;
				GCC_WARN_ABOUT_RETURN_TYPE = YES_ERROR;
				GCC_WARN_UNDECLARED_SELECTOR = YES;
				GCC_WARN_UNINITIALIZED_AUTOS = YES_AGGRESSIVE;
				GCC_WARN_UNUSED_FUNCTION = YES;
				GCC_WARN_UNUSED_VARIABLE = YES;
				IPHONEOS_DEPLOYMENT_TARGET = 8.3;
				MTL_ENABLE_DEBUG_INFO = NO;
				SDKROOT = iphoneos;
				VALIDATE_PRODUCT = YES;
			};
			name = Release;
		};
		ED0960851AE1B4C9008080EA /* Debug */ = {
			isa = XCBuildConfiguration;
			buildSettings = {
				ASSETCATALOG_COMPILER_APPICON_NAME = AppIcon;
				CLANG_ALLOW_NON_MODULAR_INCLUDES_IN_FRAMEWORK_MODULES = YES;
				FRAMEWORK_SEARCH_PATHS = (
					"$(inherited)",
					/Users/Weiwei/Documents/FacebookSDK,
				);
				INFOPLIST_FILE = CSCI_571_iOS/Info.plist;
				LD_RUNPATH_SEARCH_PATHS = "$(inherited) @executable_path/Frameworks";
				PRODUCT_NAME = "$(TARGET_NAME)";
				SWIFT_OBJC_BRIDGING_HEADER = "CSCI_571_iOS/Bridging-Header.h";
			};
			name = Debug;
		};
		ED0960861AE1B4C9008080EA /* Release */ = {
			isa = XCBuildConfiguration;
			buildSettings = {
				ASSETCATALOG_COMPILER_APPICON_NAME = AppIcon;
				CLANG_ALLOW_NON_MODULAR_INCLUDES_IN_FRAMEWORK_MODULES = YES;
				FRAMEWORK_SEARCH_PATHS = (
					"$(inherited)",
					/Users/Weiwei/Documents/FacebookSDK,
				);
				INFOPLIST_FILE = CSCI_571_iOS/Info.plist;
				LD_RUNPATH_SEARCH_PATHS = "$(inherited) @executable_path/Frameworks";
				PRODUCT_NAME = "$(TARGET_NAME)";
				SWIFT_OBJC_BRIDGING_HEADER = "CSCI_571_iOS/Bridging-Header.h";
			};
			name = Release;
		};
		ED0960881AE1B4C9008080EA /* Debug */ = {
			isa = XCBuildConfiguration;
			buildSettings = {
				BUNDLE_LOADER = "$(TEST_HOST)";
				FRAMEWORK_SEARCH_PATHS = (
					"$(SDKROOT)/Developer/Library/Frameworks",
					"$(inherited)",
				);
				GCC_PREPROCESSOR_DEFINITIONS = (
					"DEBUG=1",
					"$(inherited)",
				);
				INFOPLIST_FILE = CSCI_571_iOSTests/Info.plist;
				LD_RUNPATH_SEARCH_PATHS = "$(inherited) @executable_path/Frameworks @loader_path/Frameworks";
				PRODUCT_NAME = "$(TARGET_NAME)";
				TEST_HOST = "$(BUILT_PRODUCTS_DIR)/CSCI_571_iOS.app/CSCI_571_iOS";
			};
			name = Debug;
		};
		ED0960891AE1B4C9008080EA /* Release */ = {
			isa = XCBuildConfiguration;
			buildSettings = {
				BUNDLE_LOADER = "$(TEST_HOST)";
				FRAMEWORK_SEARCH_PATHS = (
					"$(SDKROOT)/Developer/Library/Frameworks",
					"$(inherited)",
				);
				INFOPLIST_FILE = CSCI_571_iOSTests/Info.plist;
				LD_RUNPATH_SEARCH_PATHS = "$(inherited) @executable_path/Frameworks @loader_path/Frameworks";
				PRODUCT_NAME = "$(TARGET_NAME)";
				TEST_HOST = "$(BUILT_PRODUCTS_DIR)/CSCI_571_iOS.app/CSCI_571_iOS";
			};
			name = Release;
		};
/* End XCBuildConfiguration section */

/* Begin XCConfigurationList section */
		ED0960601AE1B4C8008080EA /* Build configuration list for PBXProject "CSCI_571_iOS" */ = {
			isa = XCConfigurationList;
			buildConfigurations = (
				ED0960821AE1B4C9008080EA /* Debug */,
				ED0960831AE1B4C9008080EA /* Release */,
			);
			defaultConfigurationIsVisible = 0;
			defaultConfigurationName = Release;
		};
		ED0960841AE1B4C9008080EA /* Build configuration list for PBXNativeTarget "CSCI_571_iOS" */ = {
			isa = XCConfigurationList;
			buildConfigurations = (
				ED0960851AE1B4C9008080EA /* Debug */,
				ED0960861AE1B4C9008080EA /* Release */,
			);
			defaultConfigurationIsVisible = 0;
			defaultConfigurationName = Release;
		};
		ED0960871AE1B4C9008080EA /* Build configuration list for PBXNativeTarget "CSCI_571_iOSTests" */ = {
			isa = XCConfigurationList;
			buildConfigurations = (
				ED0960881AE1B4C9008080EA /* Debug */,
				ED0960891AE1B4C9008080EA /* Release */,
			);
			defaultConfigurationIsVisible = 0;
			defaultConfigurationName = Release;
		};
/* End XCConfigurationList section */
	};
	rootObject = ED09605D1AE1B4C8008080EA /* Project object */;
}
